
Microsoft Visual Studio Solution File, Format Version 12.00
# Visual Studio Version 17
VisualStudioVersion = 17.9.34607.119
MinimumVisualStudioVersion = 10.0.40219.1
Project("{FAE04EC0-301F-11D3-BF4B-00C04F79EFBC}") = "Dest.ASP.Tester", "Dest.ASP.Tester\Dest.ASP.Tester.csproj", "{11CB38CD-2934-4C64-A02C-6EDAC0B2EA97}"
EndProject
Global
	GlobalSection(SolutionConfigurationPlatforms) = preSolution
		Debug|Any CPU = Debug|Any CPU
		Release|Any CPU = Release|Any CPU
	EndGlobalSection
	GlobalSection(ProjectConfigurationPlatforms) = postSolution
		{11CB38CD-2934-4C64-A02C-6EDAC0B2EA97}.Debug|Any CPU.ActiveCfg = Debug|Any CPU
		{11CB38CD-2934-4C64-A02C-6EDAC0B2EA97}.Debug|Any CPU.Build.0 = Debug|Any CPU
		{11CB38CD-2934-4C64-A02C-6EDAC0B2EA97}.Release|Any CPU.ActiveCfg = Release|Any CPU
		{11CB38CD-2934-4C64-A02C-6EDAC0B2EA97}.Release|Any CPU.Build.0 = Release|Any CPU
	EndGlobalSection
	GlobalSection(SolutionProperties) = preSolution
		HideSolutionNode = FALSE
	EndGlobalSection
	GlobalSection(ExtensibilityGlobals) = postSolution
		SolutionGuid = {96B13022-0DFF-44F2-9E18-CFEEC60090B3}
	EndGlobalSection
EndGlobal
